
Microsoft Visual Studio Solution File, Format Version 12.00
# Visual Studio 15
VisualStudioVersion = 15.0.26403.7
MinimumVisualStudioVersion = 10.0.40219.1
Project("{2150E333-8FDC-42A3-9474-1A3956D46DE8}") = "docs", "docs", "{A6CC74E6-EDF6-4595-B136-E693229A9643}"
	ProjectSection(SolutionItems) = preProject
		README.md = README.md
		Roadmap.md = Roadmap.md
	EndProjectSection
EndProject
Project("{9A19103F-16F7-4668-BE54-9A1E7A4F7556}") = "Ontology", "Ontology\Ontology.csproj", "{90039483-AC2A-4D7D-9EA9-AE3004B63FBE}"
EndProject
Project("{9A19103F-16F7-4668-BE54-9A1E7A4F7556}") = "Repositories", "Repositories\Repositories.csproj", "{C4EA1232-B589-4153-8841-7C1DB9D71AEB}"
EndProject
Project("{9A19103F-16F7-4668-BE54-9A1E7A4F7556}") = "Ontology.Tests", "Ontology.Tests\Ontology.Tests.csproj", "{0D230D60-163E-45C6-B2D7-9B1C2189B5E7}"
EndProject
Project("{9A19103F-16F7-4668-BE54-9A1E7A4F7556}") = "TestDomain", "TestDomain\TestDomain.csproj", "{D8AA24D4-1A6D-4A12-80CF-42DEBC3B0895}"
EndProject
Project("{9A19103F-16F7-4668-BE54-9A1E7A4F7556}") = "Repositories.Tests", "Repositories.Tests\Repositories.Tests.csproj", "{E99C59F6-6D88-4265-9ACF-B03F8EB77FE9}"
EndProject
Project("{9A19103F-16F7-4668-BE54-9A1E7A4F7556}") = "DatabaseGenerator", "DatabaseGenerator\DatabaseGenerator.csproj", "{5517AE6F-5463-4AEA-B858-6C0BA3BC59BB}"
EndProject
Project("{9A19103F-16F7-4668-BE54-9A1E7A4F7556}") = "DatabaseGenerator.Tests", "DatabaseGenerator.Tests\DatabaseGenerator.Tests.csproj", "{CD026A42-AA89-4EE1-B339-14A036793044}"
EndProject
Project("{9A19103F-16F7-4668-BE54-9A1E7A4F7556}") = "Web", "Web\Web.csproj", "{5D690382-8CC0-418B-ABE4-0B483AED06D9}"
EndProject
Project("{9A19103F-16F7-4668-BE54-9A1E7A4F7556}") = "TestWebSite", "TestWebSite\TestWebSite.csproj", "{6C74B9A1-159E-4957-96E6-70441F9558FE}"
EndProject
Project("{9A19103F-16F7-4668-BE54-9A1E7A4F7556}") = "TypeScriptGenerator.Tests", "TypeScriptGenerator.Tests\TypeScriptGenerator.Tests.csproj", "{AB5420AE-A380-4F4F-A7C5-2F3DF8B7A8EB}"
EndProject
Project("{9A19103F-16F7-4668-BE54-9A1E7A4F7556}") = "Web.Tests", "Web.Tests\Web.Tests.csproj", "{54DB915F-1742-4B6D-B15F-6F451FC6E223}"
EndProject
Project("{E24C65DC-7377-472B-9ABA-BC803B73C61A}") = "front-end", "front-end\", "{0B31444B-A62E-44EC-82A3-8DFC66F00DFF}"
	ProjectSection(WebsiteProperties) = preProject
		TargetFrameworkMoniker = ".NETFramework,Version%3Dv4.0"
		Debug.AspNetCompiler.VirtualPath = "/localhost_50391"
		Debug.AspNetCompiler.PhysicalPath = "front-end\"
		Debug.AspNetCompiler.TargetPath = "PrecompiledWeb\localhost_50391\"
		Debug.AspNetCompiler.Updateable = "true"
		Debug.AspNetCompiler.ForceOverwrite = "true"
		Debug.AspNetCompiler.FixedNames = "false"
		Debug.AspNetCompiler.Debug = "True"
		Release.AspNetCompiler.VirtualPath = "/localhost_50391"
		Release.AspNetCompiler.PhysicalPath = "front-end\"
		Release.AspNetCompiler.TargetPath = "PrecompiledWeb\localhost_50391\"
		Release.AspNetCompiler.Updateable = "true"
		Release.AspNetCompiler.ForceOverwrite = "true"
		Release.AspNetCompiler.FixedNames = "false"
		Release.AspNetCompiler.Debug = "False"
		VWDPort = "50391"
		SlnRelativePath = "front-end\"
	EndProjectSection
EndProject
Project("{9A19103F-16F7-4668-BE54-9A1E7A4F7556}") = "TypeScriptGenerator", "TypeScriptGenerator\TypeScriptGenerator.csproj", "{742346D4-3DAE-46FA-B0D2-6D186F51E456}"
EndProject
Project("{2150E333-8FDC-42A3-9474-1A3956D46DE8}") = "core", "core", "{1A372414-D015-48FD-86FF-99857346A49A}"
EndProject
Project("{2150E333-8FDC-42A3-9474-1A3956D46DE8}") = "oidc", "oidc", "{E7667283-9FF7-4708-8EAD-D6A0CA68BCBE}"
EndProject
Project("{FAE04EC0-301F-11D3-BF4B-00C04F79EFBC}") = "Oidc.AuthorizationServer", "Oidc.AuthorizationServer\Oidc.AuthorizationServer.csproj", "{B06243DB-43F2-41E1-8931-7987B6992F92}"
EndProject
Project("{FAE04EC0-301F-11D3-BF4B-00C04F79EFBC}") = "Oidc.AuthorizationServer.Tests", "Oidc.AuthorizationServer.Tests\Oidc.AuthorizationServer.Tests.csproj", "{28CB35FB-80EB-4D7D-A098-6EF6D07EE6EF}"
EndProject
Global
	GlobalSection(SolutionConfigurationPlatforms) = preSolution
		Debug|Any CPU = Debug|Any CPU
		Debug|x64 = Debug|x64
		Release|Any CPU = Release|Any CPU
		Release|x64 = Release|x64
	EndGlobalSection
	GlobalSection(ProjectConfigurationPlatforms) = postSolution
		{90039483-AC2A-4D7D-9EA9-AE3004B63FBE}.Debug|Any CPU.ActiveCfg = Debug|Any CPU
		{90039483-AC2A-4D7D-9EA9-AE3004B63FBE}.Debug|Any CPU.Build.0 = Debug|Any CPU
		{90039483-AC2A-4D7D-9EA9-AE3004B63FBE}.Debug|x64.ActiveCfg = Debug|Any CPU
		{90039483-AC2A-4D7D-9EA9-AE3004B63FBE}.Debug|x64.Build.0 = Debug|Any CPU
		{90039483-AC2A-4D7D-9EA9-AE3004B63FBE}.Release|Any CPU.ActiveCfg = Release|Any CPU
		{90039483-AC2A-4D7D-9EA9-AE3004B63FBE}.Release|Any CPU.Build.0 = Release|Any CPU
		{90039483-AC2A-4D7D-9EA9-AE3004B63FBE}.Release|x64.ActiveCfg = Release|Any CPU
		{90039483-AC2A-4D7D-9EA9-AE3004B63FBE}.Release|x64.Build.0 = Release|Any CPU
		{C4EA1232-B589-4153-8841-7C1DB9D71AEB}.Debug|Any CPU.ActiveCfg = Debug|Any CPU
		{C4EA1232-B589-4153-8841-7C1DB9D71AEB}.Debug|Any CPU.Build.0 = Debug|Any CPU
		{C4EA1232-B589-4153-8841-7C1DB9D71AEB}.Debug|x64.ActiveCfg = Debug|Any CPU
		{C4EA1232-B589-4153-8841-7C1DB9D71AEB}.Debug|x64.Build.0 = Debug|Any CPU
		{C4EA1232-B589-4153-8841-7C1DB9D71AEB}.Release|Any CPU.ActiveCfg = Release|Any CPU
		{C4EA1232-B589-4153-8841-7C1DB9D71AEB}.Release|Any CPU.Build.0 = Release|Any CPU
		{C4EA1232-B589-4153-8841-7C1DB9D71AEB}.Release|x64.ActiveCfg = Release|Any CPU
		{C4EA1232-B589-4153-8841-7C1DB9D71AEB}.Release|x64.Build.0 = Release|Any CPU
		{0D230D60-163E-45C6-B2D7-9B1C2189B5E7}.Debug|Any CPU.ActiveCfg = Debug|Any CPU
		{0D230D60-163E-45C6-B2D7-9B1C2189B5E7}.Debug|Any CPU.Build.0 = Debug|Any CPU
		{0D230D60-163E-45C6-B2D7-9B1C2189B5E7}.Debug|x64.ActiveCfg = Debug|Any CPU
		{0D230D60-163E-45C6-B2D7-9B1C2189B5E7}.Debug|x64.Build.0 = Debug|Any CPU
		{0D230D60-163E-45C6-B2D7-9B1C2189B5E7}.Release|Any CPU.ActiveCfg = Release|Any CPU
		{0D230D60-163E-45C6-B2D7-9B1C2189B5E7}.Release|Any CPU.Build.0 = Release|Any CPU
		{0D230D60-163E-45C6-B2D7-9B1C2189B5E7}.Release|x64.ActiveCfg = Release|Any CPU
		{0D230D60-163E-45C6-B2D7-9B1C2189B5E7}.Release|x64.Build.0 = Release|Any CPU
		{D8AA24D4-1A6D-4A12-80CF-42DEBC3B0895}.Debug|Any CPU.ActiveCfg = Debug|Any CPU
		{D8AA24D4-1A6D-4A12-80CF-42DEBC3B0895}.Debug|Any CPU.Build.0 = Debug|Any CPU
		{D8AA24D4-1A6D-4A12-80CF-42DEBC3B0895}.Debug|x64.ActiveCfg = Debug|Any CPU
		{D8AA24D4-1A6D-4A12-80CF-42DEBC3B0895}.Debug|x64.Build.0 = Debug|Any CPU
		{D8AA24D4-1A6D-4A12-80CF-42DEBC3B0895}.Release|Any CPU.ActiveCfg = Release|Any CPU
		{D8AA24D4-1A6D-4A12-80CF-42DEBC3B0895}.Release|Any CPU.Build.0 = Release|Any CPU
		{D8AA24D4-1A6D-4A12-80CF-42DEBC3B0895}.Release|x64.ActiveCfg = Release|Any CPU
		{D8AA24D4-1A6D-4A12-80CF-42DEBC3B0895}.Release|x64.Build.0 = Release|Any CPU
		{E99C59F6-6D88-4265-9ACF-B03F8EB77FE9}.Debug|Any CPU.ActiveCfg = Debug|Any CPU
		{E99C59F6-6D88-4265-9ACF-B03F8EB77FE9}.Debug|Any CPU.Build.0 = Debug|Any CPU
		{E99C59F6-6D88-4265-9ACF-B03F8EB77FE9}.Debug|x64.ActiveCfg = Debug|Any CPU
		{E99C59F6-6D88-4265-9ACF-B03F8EB77FE9}.Debug|x64.Build.0 = Debug|Any CPU
		{E99C59F6-6D88-4265-9ACF-B03F8EB77FE9}.Release|Any CPU.ActiveCfg = Release|Any CPU
		{E99C59F6-6D88-4265-9ACF-B03F8EB77FE9}.Release|Any CPU.Build.0 = Release|Any CPU
		{E99C59F6-6D88-4265-9ACF-B03F8EB77FE9}.Release|x64.ActiveCfg = Release|Any CPU
		{E99C59F6-6D88-4265-9ACF-B03F8EB77FE9}.Release|x64.Build.0 = Release|Any CPU
		{5517AE6F-5463-4AEA-B858-6C0BA3BC59BB}.Debug|Any CPU.ActiveCfg = Debug|Any CPU
		{5517AE6F-5463-4AEA-B858-6C0BA3BC59BB}.Debug|Any CPU.Build.0 = Debug|Any CPU
		{5517AE6F-5463-4AEA-B858-6C0BA3BC59BB}.Debug|x64.ActiveCfg = Debug|Any CPU
		{5517AE6F-5463-4AEA-B858-6C0BA3BC59BB}.Debug|x64.Build.0 = Debug|Any CPU
		{5517AE6F-5463-4AEA-B858-6C0BA3BC59BB}.Release|Any CPU.ActiveCfg = Release|Any CPU
		{5517AE6F-5463-4AEA-B858-6C0BA3BC59BB}.Release|Any CPU.Build.0 = Release|Any CPU
		{5517AE6F-5463-4AEA-B858-6C0BA3BC59BB}.Release|x64.ActiveCfg = Release|Any CPU
		{5517AE6F-5463-4AEA-B858-6C0BA3BC59BB}.Release|x64.Build.0 = Release|Any CPU
		{CD026A42-AA89-4EE1-B339-14A036793044}.Debug|Any CPU.ActiveCfg = Debug|Any CPU
		{CD026A42-AA89-4EE1-B339-14A036793044}.Debug|Any CPU.Build.0 = Debug|Any CPU
		{CD026A42-AA89-4EE1-B339-14A036793044}.Debug|x64.ActiveCfg = Debug|Any CPU
		{CD026A42-AA89-4EE1-B339-14A036793044}.Debug|x64.Build.0 = Debug|Any CPU
		{CD026A42-AA89-4EE1-B339-14A036793044}.Release|Any CPU.ActiveCfg = Release|Any CPU
		{CD026A42-AA89-4EE1-B339-14A036793044}.Release|Any CPU.Build.0 = Release|Any CPU
		{CD026A42-AA89-4EE1-B339-14A036793044}.Release|x64.ActiveCfg = Release|Any CPU
		{CD026A42-AA89-4EE1-B339-14A036793044}.Release|x64.Build.0 = Release|Any CPU
		{5D690382-8CC0-418B-ABE4-0B483AED06D9}.Debug|Any CPU.ActiveCfg = Debug|Any CPU
		{5D690382-8CC0-418B-ABE4-0B483AED06D9}.Debug|Any CPU.Build.0 = Debug|Any CPU
		{5D690382-8CC0-418B-ABE4-0B483AED06D9}.Debug|x64.ActiveCfg = Debug|Any CPU
		{5D690382-8CC0-418B-ABE4-0B483AED06D9}.Debug|x64.Build.0 = Debug|Any CPU
		{5D690382-8CC0-418B-ABE4-0B483AED06D9}.Release|Any CPU.ActiveCfg = Release|Any CPU
		{5D690382-8CC0-418B-ABE4-0B483AED06D9}.Release|Any CPU.Build.0 = Release|Any CPU
		{5D690382-8CC0-418B-ABE4-0B483AED06D9}.Release|x64.ActiveCfg = Release|Any CPU
		{5D690382-8CC0-418B-ABE4-0B483AED06D9}.Release|x64.Build.0 = Release|Any CPU
		{6C74B9A1-159E-4957-96E6-70441F9558FE}.Debug|Any CPU.ActiveCfg = Debug|Any CPU
		{6C74B9A1-159E-4957-96E6-70441F9558FE}.Debug|Any CPU.Build.0 = Debug|Any CPU
		{6C74B9A1-159E-4957-96E6-70441F9558FE}.Debug|x64.ActiveCfg = Debug|Any CPU
		{6C74B9A1-159E-4957-96E6-70441F9558FE}.Debug|x64.Build.0 = Debug|Any CPU
		{6C74B9A1-159E-4957-96E6-70441F9558FE}.Release|Any CPU.ActiveCfg = Release|Any CPU
		{6C74B9A1-159E-4957-96E6-70441F9558FE}.Release|Any CPU.Build.0 = Release|Any CPU
		{6C74B9A1-159E-4957-96E6-70441F9558FE}.Release|x64.ActiveCfg = Release|Any CPU
		{6C74B9A1-159E-4957-96E6-70441F9558FE}.Release|x64.Build.0 = Release|Any CPU
		{AB5420AE-A380-4F4F-A7C5-2F3DF8B7A8EB}.Debug|Any CPU.ActiveCfg = Debug|Any CPU
		{AB5420AE-A380-4F4F-A7C5-2F3DF8B7A8EB}.Debug|Any CPU.Build.0 = Debug|Any CPU
		{AB5420AE-A380-4F4F-A7C5-2F3DF8B7A8EB}.Debug|x64.ActiveCfg = Debug|Any CPU
		{AB5420AE-A380-4F4F-A7C5-2F3DF8B7A8EB}.Debug|x64.Build.0 = Debug|Any CPU
		{AB5420AE-A380-4F4F-A7C5-2F3DF8B7A8EB}.Release|Any CPU.ActiveCfg = Release|Any CPU
		{AB5420AE-A380-4F4F-A7C5-2F3DF8B7A8EB}.Release|Any CPU.Build.0 = Release|Any CPU
		{AB5420AE-A380-4F4F-A7C5-2F3DF8B7A8EB}.Release|x64.ActiveCfg = Release|Any CPU
		{AB5420AE-A380-4F4F-A7C5-2F3DF8B7A8EB}.Release|x64.Build.0 = Release|Any CPU
		{54DB915F-1742-4B6D-B15F-6F451FC6E223}.Debug|Any CPU.ActiveCfg = Debug|Any CPU
		{54DB915F-1742-4B6D-B15F-6F451FC6E223}.Debug|Any CPU.Build.0 = Debug|Any CPU
		{54DB915F-1742-4B6D-B15F-6F451FC6E223}.Debug|x64.ActiveCfg = Debug|Any CPU
		{54DB915F-1742-4B6D-B15F-6F451FC6E223}.Debug|x64.Build.0 = Debug|Any CPU
		{54DB915F-1742-4B6D-B15F-6F451FC6E223}.Release|Any CPU.ActiveCfg = Release|Any CPU
		{54DB915F-1742-4B6D-B15F-6F451FC6E223}.Release|Any CPU.Build.0 = Release|Any CPU
		{54DB915F-1742-4B6D-B15F-6F451FC6E223}.Release|x64.ActiveCfg = Release|Any CPU
		{54DB915F-1742-4B6D-B15F-6F451FC6E223}.Release|x64.Build.0 = Release|Any CPU
		{0B31444B-A62E-44EC-82A3-8DFC66F00DFF}.Debug|Any CPU.ActiveCfg = Debug|Any CPU
		{0B31444B-A62E-44EC-82A3-8DFC66F00DFF}.Debug|x64.ActiveCfg = Debug|Any CPU
		{0B31444B-A62E-44EC-82A3-8DFC66F00DFF}.Debug|x64.Build.0 = Debug|Any CPU
		{0B31444B-A62E-44EC-82A3-8DFC66F00DFF}.Release|Any CPU.ActiveCfg = Debug|Any CPU
		{0B31444B-A62E-44EC-82A3-8DFC66F00DFF}.Release|x64.ActiveCfg = Debug|Any CPU
		{0B31444B-A62E-44EC-82A3-8DFC66F00DFF}.Release|x64.Build.0 = Debug|Any CPU
		{742346D4-3DAE-46FA-B0D2-6D186F51E456}.Debug|Any CPU.ActiveCfg = Debug|Any CPU
		{742346D4-3DAE-46FA-B0D2-6D186F51E456}.Debug|Any CPU.Build.0 = Debug|Any CPU
		{742346D4-3DAE-46FA-B0D2-6D186F51E456}.Debug|x64.ActiveCfg = Debug|Any CPU
		{742346D4-3DAE-46FA-B0D2-6D186F51E456}.Debug|x64.Build.0 = Debug|Any CPU
		{742346D4-3DAE-46FA-B0D2-6D186F51E456}.Release|Any CPU.ActiveCfg = Release|Any CPU
		{742346D4-3DAE-46FA-B0D2-6D186F51E456}.Release|Any CPU.Build.0 = Release|Any CPU
		{742346D4-3DAE-46FA-B0D2-6D186F51E456}.Release|x64.ActiveCfg = Release|Any CPU
		{742346D4-3DAE-46FA-B0D2-6D186F51E456}.Release|x64.Build.0 = Release|Any CPU
		{B06243DB-43F2-41E1-8931-7987B6992F92}.Debug|Any CPU.ActiveCfg = Debug|Any CPU
		{B06243DB-43F2-41E1-8931-7987B6992F92}.Debug|Any CPU.Build.0 = Debug|Any CPU
		{B06243DB-43F2-41E1-8931-7987B6992F92}.Debug|x64.ActiveCfg = Debug|Any CPU
		{B06243DB-43F2-41E1-8931-7987B6992F92}.Debug|x64.Build.0 = Debug|Any CPU
		{B06243DB-43F2-41E1-8931-7987B6992F92}.Release|Any CPU.ActiveCfg = Release|Any CPU
		{B06243DB-43F2-41E1-8931-7987B6992F92}.Release|Any CPU.Build.0 = Release|Any CPU
		{B06243DB-43F2-41E1-8931-7987B6992F92}.Release|x64.ActiveCfg = Release|Any CPU
		{B06243DB-43F2-41E1-8931-7987B6992F92}.Release|x64.Build.0 = Release|Any CPU
		{28CB35FB-80EB-4D7D-A098-6EF6D07EE6EF}.Debug|Any CPU.ActiveCfg = Debug|Any CPU
		{28CB35FB-80EB-4D7D-A098-6EF6D07EE6EF}.Debug|Any CPU.Build.0 = Debug|Any CPU
		{28CB35FB-80EB-4D7D-A098-6EF6D07EE6EF}.Debug|x64.ActiveCfg = Debug|Any CPU
		{28CB35FB-80EB-4D7D-A098-6EF6D07EE6EF}.Debug|x64.Build.0 = Debug|Any CPU
		{28CB35FB-80EB-4D7D-A098-6EF6D07EE6EF}.Release|Any CPU.ActiveCfg = Release|Any CPU
		{28CB35FB-80EB-4D7D-A098-6EF6D07EE6EF}.Release|Any CPU.Build.0 = Release|Any CPU
		{28CB35FB-80EB-4D7D-A098-6EF6D07EE6EF}.Release|x64.ActiveCfg = Release|Any CPU
		{28CB35FB-80EB-4D7D-A098-6EF6D07EE6EF}.Release|x64.Build.0 = Release|Any CPU
	EndGlobalSection
	GlobalSection(SolutionProperties) = preSolution
		HideSolutionNode = FALSE
	EndGlobalSection
	GlobalSection(NestedProjects) = preSolution
		{90039483-AC2A-4D7D-9EA9-AE3004B63FBE} = {1A372414-D015-48FD-86FF-99857346A49A}
		{C4EA1232-B589-4153-8841-7C1DB9D71AEB} = {1A372414-D015-48FD-86FF-99857346A49A}
		{0D230D60-163E-45C6-B2D7-9B1C2189B5E7} = {1A372414-D015-48FD-86FF-99857346A49A}
		{D8AA24D4-1A6D-4A12-80CF-42DEBC3B0895} = {1A372414-D015-48FD-86FF-99857346A49A}
		{E99C59F6-6D88-4265-9ACF-B03F8EB77FE9} = {1A372414-D015-48FD-86FF-99857346A49A}
		{5517AE6F-5463-4AEA-B858-6C0BA3BC59BB} = {1A372414-D015-48FD-86FF-99857346A49A}
		{CD026A42-AA89-4EE1-B339-14A036793044} = {1A372414-D015-48FD-86FF-99857346A49A}
		{5D690382-8CC0-418B-ABE4-0B483AED06D9} = {1A372414-D015-48FD-86FF-99857346A49A}
		{6C74B9A1-159E-4957-96E6-70441F9558FE} = {1A372414-D015-48FD-86FF-99857346A49A}
		{AB5420AE-A380-4F4F-A7C5-2F3DF8B7A8EB} = {1A372414-D015-48FD-86FF-99857346A49A}
		{54DB915F-1742-4B6D-B15F-6F451FC6E223} = {1A372414-D015-48FD-86FF-99857346A49A}
		{0B31444B-A62E-44EC-82A3-8DFC66F00DFF} = {1A372414-D015-48FD-86FF-99857346A49A}
		{742346D4-3DAE-46FA-B0D2-6D186F51E456} = {1A372414-D015-48FD-86FF-99857346A49A}
		{B06243DB-43F2-41E1-8931-7987B6992F92} = {E7667283-9FF7-4708-8EAD-D6A0CA68BCBE}
		{28CB35FB-80EB-4D7D-A098-6EF6D07EE6EF} = {E7667283-9FF7-4708-8EAD-D6A0CA68BCBE}
	EndGlobalSection
EndGlobal
