
Microsoft Visual Studio Solution File, Format Version 12.00
# Visual Studio 15
VisualStudioVersion = 15.0.26403.7
MinimumVisualStudioVersion = 10.0.40219.1
Project("{2150E333-8FDC-42A3-9474-1A3956D46DE8}") = "docs", "docs", "{A6CC74E6-EDF6-4595-B136-E693229A9643}"
	ProjectSection(SolutionItems) = preProject
		README.md = README.md
		Roadmap.md = Roadmap.md
	EndProjectSection
EndProject
Project("{9A19103F-16F7-4668-BE54-9A1E7A4F7556}") = "lvl.Ontology", "lvl.Ontology\lvl.Ontology.csproj", "{90039483-AC2A-4D7D-9EA9-AE3004B63FBE}"
EndProject
Project("{9A19103F-16F7-4668-BE54-9A1E7A4F7556}") = "lvl.Repositories", "lvl.Repositories\lvl.Repositories.csproj", "{C4EA1232-B589-4153-8841-7C1DB9D71AEB}"
EndProject
Project("{9A19103F-16F7-4668-BE54-9A1E7A4F7556}") = "lvl.Ontology.Tests", "lvl.Ontology.Tests\lvl.Ontology.Tests.csproj", "{0D230D60-163E-45C6-B2D7-9B1C2189B5E7}"
EndProject
Project("{9A19103F-16F7-4668-BE54-9A1E7A4F7556}") = "lvl.TestDomain", "lvl.TestDomain\lvl.TestDomain.csproj", "{D8AA24D4-1A6D-4A12-80CF-42DEBC3B0895}"
EndProject
Project("{9A19103F-16F7-4668-BE54-9A1E7A4F7556}") = "lvl.Repositories.Tests", "lvl.Repositories.Tests\lvl.Repositories.Tests.csproj", "{E99C59F6-6D88-4265-9ACF-B03F8EB77FE9}"
EndProject
Project("{9A19103F-16F7-4668-BE54-9A1E7A4F7556}") = "lvl.DatabaseGenerator", "lvl.DatabaseGenerator\lvl.DatabaseGenerator.csproj", "{5517AE6F-5463-4AEA-B858-6C0BA3BC59BB}"
EndProject
Project("{9A19103F-16F7-4668-BE54-9A1E7A4F7556}") = "lvl.DatabaseGenerator.Tests", "lvl.DatabaseGenerator.Tests\lvl.DatabaseGenerator.Tests.csproj", "{CD026A42-AA89-4EE1-B339-14A036793044}"
EndProject
Project("{9A19103F-16F7-4668-BE54-9A1E7A4F7556}") = "lvl.Web", "lvl.Web\lvl.Web.csproj", "{5D690382-8CC0-418B-ABE4-0B483AED06D9}"
EndProject
Project("{9A19103F-16F7-4668-BE54-9A1E7A4F7556}") = "lvl.TestWebSite", "lvl.TestWebSite\lvl.TestWebSite.csproj", "{6C74B9A1-159E-4957-96E6-70441F9558FE}"
EndProject
Project("{E24C65DC-7377-472B-9ABA-BC803B73C61A}") = "@lvl.core", "@lvl.core\", "{04E5F0FA-35FD-4982-838C-0BDC4E07081B}"
	ProjectSection(WebsiteProperties) = preProject
		TargetFrameworkMoniker = ".NETFramework,Version%3Dv4.0"
		Debug.AspNetCompiler.VirtualPath = "/localhost_50217"
		Debug.AspNetCompiler.PhysicalPath = "@lvl.core\"
		Debug.AspNetCompiler.TargetPath = "PrecompiledWeb\localhost_50217\"
		Debug.AspNetCompiler.Updateable = "true"
		Debug.AspNetCompiler.ForceOverwrite = "true"
		Debug.AspNetCompiler.FixedNames = "false"
		Debug.AspNetCompiler.Debug = "True"
		Release.AspNetCompiler.VirtualPath = "/localhost_50217"
		Release.AspNetCompiler.PhysicalPath = "@lvl.core\"
		Release.AspNetCompiler.TargetPath = "PrecompiledWeb\localhost_50217\"
		Release.AspNetCompiler.Updateable = "true"
		Release.AspNetCompiler.ForceOverwrite = "true"
		Release.AspNetCompiler.FixedNames = "false"
		Release.AspNetCompiler.Debug = "False"
		VWDPort = "50217"
		SlnRelativePath = "@lvl.core\"
	EndProjectSection
EndProject
Project("{9A19103F-16F7-4668-BE54-9A1E7A4F7556}") = "@lvl.typescript-generator", "@lvl.typescript-generator\@lvl.typescript-generator.csproj", "{29159C9E-A8FF-4A76-B4AA-2A31618427D3}"
EndProject
Project("{9A19103F-16F7-4668-BE54-9A1E7A4F7556}") = "@lvl.typescript-generator.Tests", "@lvl.typescript-generator.Tests\@lvl.typescript-generator.Tests.csproj", "{AB5420AE-A380-4F4F-A7C5-2F3DF8B7A8EB}"
EndProject
Project("{9A19103F-16F7-4668-BE54-9A1E7A4F7556}") = "lvl.Web.Tests", "lvl.Web.Tests\lvl.Web.Tests.csproj", "{54DB915F-1742-4B6D-B15F-6F451FC6E223}"
EndProject
Project("{2150E333-8FDC-42A3-9474-1A3956D46DE8}") = "core", "core", "{DF803764-0B9D-44BB-9CB7-91640E4D843B}"
EndProject
Project("{2150E333-8FDC-42A3-9474-1A3956D46DE8}") = "oidc", "oidc", "{EDDD5902-738F-4998-88EF-BAA42A8800FA}"
EndProject
Project("{FAE04EC0-301F-11D3-BF4B-00C04F79EFBC}") = "lvl.Oidc.AuthorizationServer", "lvl.Oidc.AuthorizationServer\lvl.Oidc.AuthorizationServer.csproj", "{F8E4A4F6-12F0-476F-ACC5-F49492FC7741}"
EndProject
Project("{E24C65DC-7377-472B-9ABA-BC803B73C61A}") = "@lvl.oidc", "@lvl.oidc\", "{F691E074-7721-4396-9F16-DEA17E2C12EB}"
	ProjectSection(WebsiteProperties) = preProject
		TargetFrameworkMoniker = ".NETFramework,Version%3Dv4.0"
		Debug.AspNetCompiler.VirtualPath = "/localhost_52464"
		Debug.AspNetCompiler.PhysicalPath = "@lvl.oidc\"
		Debug.AspNetCompiler.TargetPath = "PrecompiledWeb\localhost_52464\"
		Debug.AspNetCompiler.Updateable = "true"
		Debug.AspNetCompiler.ForceOverwrite = "true"
		Debug.AspNetCompiler.FixedNames = "false"
		Debug.AspNetCompiler.Debug = "True"
		Release.AspNetCompiler.VirtualPath = "/localhost_52464"
		Release.AspNetCompiler.PhysicalPath = "@lvl.oidc\"
		Release.AspNetCompiler.TargetPath = "PrecompiledWeb\localhost_52464\"
		Release.AspNetCompiler.Updateable = "true"
		Release.AspNetCompiler.ForceOverwrite = "true"
		Release.AspNetCompiler.FixedNames = "false"
		Release.AspNetCompiler.Debug = "False"
		VWDPort = "52464"
		SlnRelativePath = "@lvl.oidc\"
	EndProjectSection
EndProject
Project("{FAE04EC0-301F-11D3-BF4B-00C04F79EFBC}") = "@lvl.oidc-seeder", "@lvl.oidc-seeder\@lvl.oidc-seeder.csproj", "{AC03A3C5-057C-44A6-9B94-E6140DF2F48B}"
EndProject
Project("{FAE04EC0-301F-11D3-BF4B-00C04F79EFBC}") = "lvl.Oidc.AccessTokens", "lvl.Oidc.AccessTokens\lvl.Oidc.AccessTokens.csproj", "{A0E3D627-17FB-4B8D-9114-461CD317EBD4}"
EndProject
Project("{FAE04EC0-301F-11D3-BF4B-00C04F79EFBC}") = "lvl.TestResourceServer", "lvl.TestResourceServer\lvl.TestResourceServer.csproj", "{AEF6F819-0104-4A6F-BA57-B242B549A63D}"
EndProject
Project("{FAE04EC0-301F-11D3-BF4B-00C04F79EFBC}") = "lvl.TestAuthorizationServer", "lvl.TestAuthorizationServer\lvl.TestAuthorizationServer.csproj", "{1B6B60A7-871F-4575-BA89-1843739F1DA6}"
EndProject
Global
	GlobalSection(SolutionConfigurationPlatforms) = preSolution
		Debug|Any CPU = Debug|Any CPU
		Debug|x64 = Debug|x64
		Release|Any CPU = Release|Any CPU
		Release|x64 = Release|x64
	EndGlobalSection
	GlobalSection(ProjectConfigurationPlatforms) = postSolution
		{90039483-AC2A-4D7D-9EA9-AE3004B63FBE}.Debug|Any CPU.ActiveCfg = Debug|Any CPU
		{90039483-AC2A-4D7D-9EA9-AE3004B63FBE}.Debug|Any CPU.Build.0 = Debug|Any CPU
		{90039483-AC2A-4D7D-9EA9-AE3004B63FBE}.Debug|x64.ActiveCfg = Debug|Any CPU
		{90039483-AC2A-4D7D-9EA9-AE3004B63FBE}.Debug|x64.Build.0 = Debug|Any CPU
		{90039483-AC2A-4D7D-9EA9-AE3004B63FBE}.Release|Any CPU.ActiveCfg = Release|Any CPU
		{90039483-AC2A-4D7D-9EA9-AE3004B63FBE}.Release|Any CPU.Build.0 = Release|Any CPU
		{90039483-AC2A-4D7D-9EA9-AE3004B63FBE}.Release|x64.ActiveCfg = Release|Any CPU
		{90039483-AC2A-4D7D-9EA9-AE3004B63FBE}.Release|x64.Build.0 = Release|Any CPU
		{C4EA1232-B589-4153-8841-7C1DB9D71AEB}.Debug|Any CPU.ActiveCfg = Debug|Any CPU
		{C4EA1232-B589-4153-8841-7C1DB9D71AEB}.Debug|Any CPU.Build.0 = Debug|Any CPU
		{C4EA1232-B589-4153-8841-7C1DB9D71AEB}.Debug|x64.ActiveCfg = Debug|Any CPU
		{C4EA1232-B589-4153-8841-7C1DB9D71AEB}.Debug|x64.Build.0 = Debug|Any CPU
		{C4EA1232-B589-4153-8841-7C1DB9D71AEB}.Release|Any CPU.ActiveCfg = Release|Any CPU
		{C4EA1232-B589-4153-8841-7C1DB9D71AEB}.Release|Any CPU.Build.0 = Release|Any CPU
		{C4EA1232-B589-4153-8841-7C1DB9D71AEB}.Release|x64.ActiveCfg = Release|Any CPU
		{C4EA1232-B589-4153-8841-7C1DB9D71AEB}.Release|x64.Build.0 = Release|Any CPU
		{0D230D60-163E-45C6-B2D7-9B1C2189B5E7}.Debug|Any CPU.ActiveCfg = Debug|Any CPU
		{0D230D60-163E-45C6-B2D7-9B1C2189B5E7}.Debug|Any CPU.Build.0 = Debug|Any CPU
		{0D230D60-163E-45C6-B2D7-9B1C2189B5E7}.Debug|x64.ActiveCfg = Debug|Any CPU
		{0D230D60-163E-45C6-B2D7-9B1C2189B5E7}.Debug|x64.Build.0 = Debug|Any CPU
		{0D230D60-163E-45C6-B2D7-9B1C2189B5E7}.Release|Any CPU.ActiveCfg = Release|Any CPU
		{0D230D60-163E-45C6-B2D7-9B1C2189B5E7}.Release|Any CPU.Build.0 = Release|Any CPU
		{0D230D60-163E-45C6-B2D7-9B1C2189B5E7}.Release|x64.ActiveCfg = Release|Any CPU
		{0D230D60-163E-45C6-B2D7-9B1C2189B5E7}.Release|x64.Build.0 = Release|Any CPU
		{D8AA24D4-1A6D-4A12-80CF-42DEBC3B0895}.Debug|Any CPU.ActiveCfg = Debug|Any CPU
		{D8AA24D4-1A6D-4A12-80CF-42DEBC3B0895}.Debug|Any CPU.Build.0 = Debug|Any CPU
		{D8AA24D4-1A6D-4A12-80CF-42DEBC3B0895}.Debug|x64.ActiveCfg = Debug|Any CPU
		{D8AA24D4-1A6D-4A12-80CF-42DEBC3B0895}.Debug|x64.Build.0 = Debug|Any CPU
		{D8AA24D4-1A6D-4A12-80CF-42DEBC3B0895}.Release|Any CPU.ActiveCfg = Release|Any CPU
		{D8AA24D4-1A6D-4A12-80CF-42DEBC3B0895}.Release|Any CPU.Build.0 = Release|Any CPU
		{D8AA24D4-1A6D-4A12-80CF-42DEBC3B0895}.Release|x64.ActiveCfg = Release|Any CPU
		{D8AA24D4-1A6D-4A12-80CF-42DEBC3B0895}.Release|x64.Build.0 = Release|Any CPU
		{E99C59F6-6D88-4265-9ACF-B03F8EB77FE9}.Debug|Any CPU.ActiveCfg = Debug|Any CPU
		{E99C59F6-6D88-4265-9ACF-B03F8EB77FE9}.Debug|Any CPU.Build.0 = Debug|Any CPU
		{E99C59F6-6D88-4265-9ACF-B03F8EB77FE9}.Debug|x64.ActiveCfg = Debug|Any CPU
		{E99C59F6-6D88-4265-9ACF-B03F8EB77FE9}.Debug|x64.Build.0 = Debug|Any CPU
		{E99C59F6-6D88-4265-9ACF-B03F8EB77FE9}.Release|Any CPU.ActiveCfg = Release|Any CPU
		{E99C59F6-6D88-4265-9ACF-B03F8EB77FE9}.Release|Any CPU.Build.0 = Release|Any CPU
		{E99C59F6-6D88-4265-9ACF-B03F8EB77FE9}.Release|x64.ActiveCfg = Release|Any CPU
		{E99C59F6-6D88-4265-9ACF-B03F8EB77FE9}.Release|x64.Build.0 = Release|Any CPU
		{5517AE6F-5463-4AEA-B858-6C0BA3BC59BB}.Debug|Any CPU.ActiveCfg = Debug|Any CPU
		{5517AE6F-5463-4AEA-B858-6C0BA3BC59BB}.Debug|Any CPU.Build.0 = Debug|Any CPU
		{5517AE6F-5463-4AEA-B858-6C0BA3BC59BB}.Debug|x64.ActiveCfg = Debug|Any CPU
		{5517AE6F-5463-4AEA-B858-6C0BA3BC59BB}.Debug|x64.Build.0 = Debug|Any CPU
		{5517AE6F-5463-4AEA-B858-6C0BA3BC59BB}.Release|Any CPU.ActiveCfg = Release|Any CPU
		{5517AE6F-5463-4AEA-B858-6C0BA3BC59BB}.Release|Any CPU.Build.0 = Release|Any CPU
		{5517AE6F-5463-4AEA-B858-6C0BA3BC59BB}.Release|x64.ActiveCfg = Release|Any CPU
		{5517AE6F-5463-4AEA-B858-6C0BA3BC59BB}.Release|x64.Build.0 = Release|Any CPU
		{CD026A42-AA89-4EE1-B339-14A036793044}.Debug|Any CPU.ActiveCfg = Debug|Any CPU
		{CD026A42-AA89-4EE1-B339-14A036793044}.Debug|Any CPU.Build.0 = Debug|Any CPU
		{CD026A42-AA89-4EE1-B339-14A036793044}.Debug|x64.ActiveCfg = Debug|Any CPU
		{CD026A42-AA89-4EE1-B339-14A036793044}.Debug|x64.Build.0 = Debug|Any CPU
		{CD026A42-AA89-4EE1-B339-14A036793044}.Release|Any CPU.ActiveCfg = Release|Any CPU
		{CD026A42-AA89-4EE1-B339-14A036793044}.Release|Any CPU.Build.0 = Release|Any CPU
		{CD026A42-AA89-4EE1-B339-14A036793044}.Release|x64.ActiveCfg = Release|Any CPU
		{CD026A42-AA89-4EE1-B339-14A036793044}.Release|x64.Build.0 = Release|Any CPU
		{5D690382-8CC0-418B-ABE4-0B483AED06D9}.Debug|Any CPU.ActiveCfg = Debug|Any CPU
		{5D690382-8CC0-418B-ABE4-0B483AED06D9}.Debug|Any CPU.Build.0 = Debug|Any CPU
		{5D690382-8CC0-418B-ABE4-0B483AED06D9}.Debug|x64.ActiveCfg = Debug|Any CPU
		{5D690382-8CC0-418B-ABE4-0B483AED06D9}.Debug|x64.Build.0 = Debug|Any CPU
		{5D690382-8CC0-418B-ABE4-0B483AED06D9}.Release|Any CPU.ActiveCfg = Release|Any CPU
		{5D690382-8CC0-418B-ABE4-0B483AED06D9}.Release|Any CPU.Build.0 = Release|Any CPU
		{5D690382-8CC0-418B-ABE4-0B483AED06D9}.Release|x64.ActiveCfg = Release|Any CPU
		{5D690382-8CC0-418B-ABE4-0B483AED06D9}.Release|x64.Build.0 = Release|Any CPU
		{6C74B9A1-159E-4957-96E6-70441F9558FE}.Debug|Any CPU.ActiveCfg = Debug|Any CPU
		{6C74B9A1-159E-4957-96E6-70441F9558FE}.Debug|Any CPU.Build.0 = Debug|Any CPU
		{6C74B9A1-159E-4957-96E6-70441F9558FE}.Debug|x64.ActiveCfg = Debug|Any CPU
		{6C74B9A1-159E-4957-96E6-70441F9558FE}.Debug|x64.Build.0 = Debug|Any CPU
		{6C74B9A1-159E-4957-96E6-70441F9558FE}.Release|Any CPU.ActiveCfg = Release|Any CPU
		{6C74B9A1-159E-4957-96E6-70441F9558FE}.Release|Any CPU.Build.0 = Release|Any CPU
		{6C74B9A1-159E-4957-96E6-70441F9558FE}.Release|x64.ActiveCfg = Release|Any CPU
		{6C74B9A1-159E-4957-96E6-70441F9558FE}.Release|x64.Build.0 = Release|Any CPU
		{04E5F0FA-35FD-4982-838C-0BDC4E07081B}.Debug|Any CPU.ActiveCfg = Debug|Any CPU
		{04E5F0FA-35FD-4982-838C-0BDC4E07081B}.Debug|x64.ActiveCfg = Debug|Any CPU
		{04E5F0FA-35FD-4982-838C-0BDC4E07081B}.Debug|x64.Build.0 = Debug|Any CPU
		{04E5F0FA-35FD-4982-838C-0BDC4E07081B}.Release|Any CPU.ActiveCfg = Debug|Any CPU
		{04E5F0FA-35FD-4982-838C-0BDC4E07081B}.Release|x64.ActiveCfg = Debug|Any CPU
		{04E5F0FA-35FD-4982-838C-0BDC4E07081B}.Release|x64.Build.0 = Debug|Any CPU
		{29159C9E-A8FF-4A76-B4AA-2A31618427D3}.Debug|Any CPU.ActiveCfg = Debug|Any CPU
		{29159C9E-A8FF-4A76-B4AA-2A31618427D3}.Debug|Any CPU.Build.0 = Debug|Any CPU
		{29159C9E-A8FF-4A76-B4AA-2A31618427D3}.Debug|x64.ActiveCfg = Debug|Any CPU
		{29159C9E-A8FF-4A76-B4AA-2A31618427D3}.Debug|x64.Build.0 = Debug|Any CPU
		{29159C9E-A8FF-4A76-B4AA-2A31618427D3}.Release|Any CPU.ActiveCfg = Release|Any CPU
		{29159C9E-A8FF-4A76-B4AA-2A31618427D3}.Release|Any CPU.Build.0 = Release|Any CPU
		{29159C9E-A8FF-4A76-B4AA-2A31618427D3}.Release|x64.ActiveCfg = Release|Any CPU
		{29159C9E-A8FF-4A76-B4AA-2A31618427D3}.Release|x64.Build.0 = Release|Any CPU
		{AB5420AE-A380-4F4F-A7C5-2F3DF8B7A8EB}.Debug|Any CPU.ActiveCfg = Debug|Any CPU
		{AB5420AE-A380-4F4F-A7C5-2F3DF8B7A8EB}.Debug|Any CPU.Build.0 = Debug|Any CPU
		{AB5420AE-A380-4F4F-A7C5-2F3DF8B7A8EB}.Debug|x64.ActiveCfg = Debug|Any CPU
		{AB5420AE-A380-4F4F-A7C5-2F3DF8B7A8EB}.Debug|x64.Build.0 = Debug|Any CPU
		{AB5420AE-A380-4F4F-A7C5-2F3DF8B7A8EB}.Release|Any CPU.ActiveCfg = Release|Any CPU
		{AB5420AE-A380-4F4F-A7C5-2F3DF8B7A8EB}.Release|Any CPU.Build.0 = Release|Any CPU
		{AB5420AE-A380-4F4F-A7C5-2F3DF8B7A8EB}.Release|x64.ActiveCfg = Release|Any CPU
		{AB5420AE-A380-4F4F-A7C5-2F3DF8B7A8EB}.Release|x64.Build.0 = Release|Any CPU
		{54DB915F-1742-4B6D-B15F-6F451FC6E223}.Debug|Any CPU.ActiveCfg = Debug|Any CPU
		{54DB915F-1742-4B6D-B15F-6F451FC6E223}.Debug|Any CPU.Build.0 = Debug|Any CPU
		{54DB915F-1742-4B6D-B15F-6F451FC6E223}.Debug|x64.ActiveCfg = Debug|Any CPU
		{54DB915F-1742-4B6D-B15F-6F451FC6E223}.Debug|x64.Build.0 = Debug|Any CPU
		{54DB915F-1742-4B6D-B15F-6F451FC6E223}.Release|Any CPU.ActiveCfg = Release|Any CPU
		{54DB915F-1742-4B6D-B15F-6F451FC6E223}.Release|Any CPU.Build.0 = Release|Any CPU
		{54DB915F-1742-4B6D-B15F-6F451FC6E223}.Release|x64.ActiveCfg = Release|Any CPU
		{54DB915F-1742-4B6D-B15F-6F451FC6E223}.Release|x64.Build.0 = Release|Any CPU
		{F8E4A4F6-12F0-476F-ACC5-F49492FC7741}.Debug|Any CPU.ActiveCfg = Debug|Any CPU
		{F8E4A4F6-12F0-476F-ACC5-F49492FC7741}.Debug|Any CPU.Build.0 = Debug|Any CPU
		{F8E4A4F6-12F0-476F-ACC5-F49492FC7741}.Debug|x64.ActiveCfg = Debug|Any CPU
		{F8E4A4F6-12F0-476F-ACC5-F49492FC7741}.Debug|x64.Build.0 = Debug|Any CPU
		{F8E4A4F6-12F0-476F-ACC5-F49492FC7741}.Release|Any CPU.ActiveCfg = Release|Any CPU
		{F8E4A4F6-12F0-476F-ACC5-F49492FC7741}.Release|Any CPU.Build.0 = Release|Any CPU
		{F8E4A4F6-12F0-476F-ACC5-F49492FC7741}.Release|x64.ActiveCfg = Release|Any CPU
		{F8E4A4F6-12F0-476F-ACC5-F49492FC7741}.Release|x64.Build.0 = Release|Any CPU
		{F691E074-7721-4396-9F16-DEA17E2C12EB}.Debug|Any CPU.ActiveCfg = Debug|Any CPU
		{F691E074-7721-4396-9F16-DEA17E2C12EB}.Debug|x64.ActiveCfg = Debug|Any CPU
		{F691E074-7721-4396-9F16-DEA17E2C12EB}.Debug|x64.Build.0 = Debug|Any CPU
		{F691E074-7721-4396-9F16-DEA17E2C12EB}.Release|Any CPU.ActiveCfg = Debug|Any CPU
		{F691E074-7721-4396-9F16-DEA17E2C12EB}.Release|x64.ActiveCfg = Debug|Any CPU
		{F691E074-7721-4396-9F16-DEA17E2C12EB}.Release|x64.Build.0 = Debug|Any CPU
		{AC03A3C5-057C-44A6-9B94-E6140DF2F48B}.Debug|Any CPU.ActiveCfg = Debug|Any CPU
		{AC03A3C5-057C-44A6-9B94-E6140DF2F48B}.Debug|Any CPU.Build.0 = Debug|Any CPU
		{AC03A3C5-057C-44A6-9B94-E6140DF2F48B}.Debug|x64.ActiveCfg = Debug|Any CPU
		{AC03A3C5-057C-44A6-9B94-E6140DF2F48B}.Debug|x64.Build.0 = Debug|Any CPU
		{AC03A3C5-057C-44A6-9B94-E6140DF2F48B}.Release|Any CPU.ActiveCfg = Release|Any CPU
		{AC03A3C5-057C-44A6-9B94-E6140DF2F48B}.Release|Any CPU.Build.0 = Release|Any CPU
		{AC03A3C5-057C-44A6-9B94-E6140DF2F48B}.Release|x64.ActiveCfg = Release|Any CPU
		{AC03A3C5-057C-44A6-9B94-E6140DF2F48B}.Release|x64.Build.0 = Release|Any CPU
		{A0E3D627-17FB-4B8D-9114-461CD317EBD4}.Debug|Any CPU.ActiveCfg = Debug|Any CPU
		{A0E3D627-17FB-4B8D-9114-461CD317EBD4}.Debug|Any CPU.Build.0 = Debug|Any CPU
		{A0E3D627-17FB-4B8D-9114-461CD317EBD4}.Debug|x64.ActiveCfg = Debug|Any CPU
		{A0E3D627-17FB-4B8D-9114-461CD317EBD4}.Debug|x64.Build.0 = Debug|Any CPU
		{A0E3D627-17FB-4B8D-9114-461CD317EBD4}.Release|Any CPU.ActiveCfg = Release|Any CPU
		{A0E3D627-17FB-4B8D-9114-461CD317EBD4}.Release|Any CPU.Build.0 = Release|Any CPU
		{A0E3D627-17FB-4B8D-9114-461CD317EBD4}.Release|x64.ActiveCfg = Release|Any CPU
		{A0E3D627-17FB-4B8D-9114-461CD317EBD4}.Release|x64.Build.0 = Release|Any CPU
		{AEF6F819-0104-4A6F-BA57-B242B549A63D}.Debug|Any CPU.ActiveCfg = Debug|Any CPU
		{AEF6F819-0104-4A6F-BA57-B242B549A63D}.Debug|Any CPU.Build.0 = Debug|Any CPU
		{AEF6F819-0104-4A6F-BA57-B242B549A63D}.Debug|x64.ActiveCfg = Debug|Any CPU
		{AEF6F819-0104-4A6F-BA57-B242B549A63D}.Debug|x64.Build.0 = Debug|Any CPU
		{AEF6F819-0104-4A6F-BA57-B242B549A63D}.Release|Any CPU.ActiveCfg = Release|Any CPU
		{AEF6F819-0104-4A6F-BA57-B242B549A63D}.Release|Any CPU.Build.0 = Release|Any CPU
		{AEF6F819-0104-4A6F-BA57-B242B549A63D}.Release|x64.ActiveCfg = Release|Any CPU
		{AEF6F819-0104-4A6F-BA57-B242B549A63D}.Release|x64.Build.0 = Release|Any CPU
		{1B6B60A7-871F-4575-BA89-1843739F1DA6}.Debug|Any CPU.ActiveCfg = Debug|Any CPU
		{1B6B60A7-871F-4575-BA89-1843739F1DA6}.Debug|Any CPU.Build.0 = Debug|Any CPU
		{1B6B60A7-871F-4575-BA89-1843739F1DA6}.Debug|x64.ActiveCfg = Debug|Any CPU
		{1B6B60A7-871F-4575-BA89-1843739F1DA6}.Debug|x64.Build.0 = Debug|Any CPU
		{1B6B60A7-871F-4575-BA89-1843739F1DA6}.Release|Any CPU.ActiveCfg = Release|Any CPU
		{1B6B60A7-871F-4575-BA89-1843739F1DA6}.Release|Any CPU.Build.0 = Release|Any CPU
		{1B6B60A7-871F-4575-BA89-1843739F1DA6}.Release|x64.ActiveCfg = Release|Any CPU
		{1B6B60A7-871F-4575-BA89-1843739F1DA6}.Release|x64.Build.0 = Release|Any CPU
	EndGlobalSection
	GlobalSection(SolutionProperties) = preSolution
		HideSolutionNode = FALSE
	EndGlobalSection
	GlobalSection(NestedProjects) = preSolution
		{90039483-AC2A-4D7D-9EA9-AE3004B63FBE} = {DF803764-0B9D-44BB-9CB7-91640E4D843B}
		{C4EA1232-B589-4153-8841-7C1DB9D71AEB} = {DF803764-0B9D-44BB-9CB7-91640E4D843B}
		{0D230D60-163E-45C6-B2D7-9B1C2189B5E7} = {DF803764-0B9D-44BB-9CB7-91640E4D843B}
		{D8AA24D4-1A6D-4A12-80CF-42DEBC3B0895} = {DF803764-0B9D-44BB-9CB7-91640E4D843B}
		{E99C59F6-6D88-4265-9ACF-B03F8EB77FE9} = {DF803764-0B9D-44BB-9CB7-91640E4D843B}
		{5517AE6F-5463-4AEA-B858-6C0BA3BC59BB} = {DF803764-0B9D-44BB-9CB7-91640E4D843B}
		{CD026A42-AA89-4EE1-B339-14A036793044} = {DF803764-0B9D-44BB-9CB7-91640E4D843B}
		{5D690382-8CC0-418B-ABE4-0B483AED06D9} = {DF803764-0B9D-44BB-9CB7-91640E4D843B}
		{6C74B9A1-159E-4957-96E6-70441F9558FE} = {DF803764-0B9D-44BB-9CB7-91640E4D843B}
		{04E5F0FA-35FD-4982-838C-0BDC4E07081B} = {DF803764-0B9D-44BB-9CB7-91640E4D843B}
		{29159C9E-A8FF-4A76-B4AA-2A31618427D3} = {DF803764-0B9D-44BB-9CB7-91640E4D843B}
		{AB5420AE-A380-4F4F-A7C5-2F3DF8B7A8EB} = {DF803764-0B9D-44BB-9CB7-91640E4D843B}
		{54DB915F-1742-4B6D-B15F-6F451FC6E223} = {DF803764-0B9D-44BB-9CB7-91640E4D843B}
		{F8E4A4F6-12F0-476F-ACC5-F49492FC7741} = {EDDD5902-738F-4998-88EF-BAA42A8800FA}
		{F691E074-7721-4396-9F16-DEA17E2C12EB} = {EDDD5902-738F-4998-88EF-BAA42A8800FA}
		{AC03A3C5-057C-44A6-9B94-E6140DF2F48B} = {EDDD5902-738F-4998-88EF-BAA42A8800FA}
		{A0E3D627-17FB-4B8D-9114-461CD317EBD4} = {EDDD5902-738F-4998-88EF-BAA42A8800FA}
		{AEF6F819-0104-4A6F-BA57-B242B549A63D} = {EDDD5902-738F-4998-88EF-BAA42A8800FA}
		{1B6B60A7-871F-4575-BA89-1843739F1DA6} = {EDDD5902-738F-4998-88EF-BAA42A8800FA}
	EndGlobalSection
EndGlobal
